
Microsoft Visual Studio Solution File, Format Version 12.00
# Visual Studio Version 16
VisualStudioVersion = 16.0.31205.134
MinimumVisualStudioVersion = 10.0.40219.1
Project("{9A19103F-16F7-4668-BE54-9A1E7A4F7556}") = "Projeto.Tria", "Projeto.Tria\Projeto.Tria.csproj", "{554D6280-CBAE-4133-9799-F70B9BA8AFBF}"
EndProject
Project("{FAE04EC0-301F-11D3-BF4B-00C04F79EFBC}") = "Projeto.Tria.Services", "Projeto.Tria.Services\Projeto.Tria.Services.csproj", "{A4B6C2BE-A4E3-4A93-B4C4-B9478E980B24}"
EndProject
Project("{FAE04EC0-301F-11D3-BF4B-00C04F79EFBC}") = "Projeto.Tria.Domain", "Projeto.Tria.Domain\Projeto.Tria.Domain.csproj", "{2F454C4B-9690-4016-9EDC-36EFA709C113}"
EndProject
Project("{FAE04EC0-301F-11D3-BF4B-00C04F79EFBC}") = "Projeto.Tria.Infra", "Projeto.Tria.Infra\Projeto.Tria.Infra.csproj", "{ECD2650B-C9D8-4B2C-8276-EA37DD241362}"
EndProject
Project("{FAE04EC0-301F-11D3-BF4B-00C04F79EFBC}") = "Projeto.Tria.CrossCutting", "Projeto.Tria.CrossCutting\Projeto.Tria.CrossCutting.csproj", "{174BAAC7-AA18-496A-A8B2-F732A91DC7DE}"
EndProject
Global
	GlobalSection(SolutionConfigurationPlatforms) = preSolution
		Debug|Any CPU = Debug|Any CPU
		Release|Any CPU = Release|Any CPU
	EndGlobalSection
	GlobalSection(ProjectConfigurationPlatforms) = postSolution
		{554D6280-CBAE-4133-9799-F70B9BA8AFBF}.Debug|Any CPU.ActiveCfg = Debug|Any CPU
		{554D6280-CBAE-4133-9799-F70B9BA8AFBF}.Debug|Any CPU.Build.0 = Debug|Any CPU
		{554D6280-CBAE-4133-9799-F70B9BA8AFBF}.Release|Any CPU.ActiveCfg = Release|Any CPU
		{554D6280-CBAE-4133-9799-F70B9BA8AFBF}.Release|Any CPU.Build.0 = Release|Any CPU
		{A4B6C2BE-A4E3-4A93-B4C4-B9478E980B24}.Debug|Any CPU.ActiveCfg = Debug|Any CPU
		{A4B6C2BE-A4E3-4A93-B4C4-B9478E980B24}.Debug|Any CPU.Build.0 = Debug|Any CPU
		{A4B6C2BE-A4E3-4A93-B4C4-B9478E980B24}.Release|Any CPU.ActiveCfg = Release|Any CPU
		{A4B6C2BE-A4E3-4A93-B4C4-B9478E980B24}.Release|Any CPU.Build.0 = Release|Any CPU
		{2F454C4B-9690-4016-9EDC-36EFA709C113}.Debug|Any CPU.ActiveCfg = Debug|Any CPU
		{2F454C4B-9690-4016-9EDC-36EFA709C113}.Debug|Any CPU.Build.0 = Debug|Any CPU
		{2F454C4B-9690-4016-9EDC-36EFA709C113}.Release|Any CPU.ActiveCfg = Release|Any CPU
		{2F454C4B-9690-4016-9EDC-36EFA709C113}.Release|Any CPU.Build.0 = Release|Any CPU
		{ECD2650B-C9D8-4B2C-8276-EA37DD241362}.Debug|Any CPU.ActiveCfg = Debug|Any CPU
		{ECD2650B-C9D8-4B2C-8276-EA37DD241362}.Debug|Any CPU.Build.0 = Debug|Any CPU
		{ECD2650B-C9D8-4B2C-8276-EA37DD241362}.Release|Any CPU.ActiveCfg = Release|Any CPU
		{ECD2650B-C9D8-4B2C-8276-EA37DD241362}.Release|Any CPU.Build.0 = Release|Any CPU
		{174BAAC7-AA18-496A-A8B2-F732A91DC7DE}.Debug|Any CPU.ActiveCfg = Debug|Any CPU
		{174BAAC7-AA18-496A-A8B2-F732A91DC7DE}.Debug|Any CPU.Build.0 = Debug|Any CPU
		{174BAAC7-AA18-496A-A8B2-F732A91DC7DE}.Release|Any CPU.ActiveCfg = Release|Any CPU
		{174BAAC7-AA18-496A-A8B2-F732A91DC7DE}.Release|Any CPU.Build.0 = Release|Any CPU
	EndGlobalSection
	GlobalSection(SolutionProperties) = preSolution
		HideSolutionNode = FALSE
	EndGlobalSection
	GlobalSection(ExtensibilityGlobals) = postSolution
		SolutionGuid = {1811FCA1-5A60-41F4-A819-15F70BD1F2F8}
	EndGlobalSection
EndGlobal
